
Microsoft Visual Studio Solution File, Format Version 12.00
# Visual Studio Version 17
VisualStudioVersion = 17.1.32421.90
MinimumVisualStudioVersion = 10.0.40219.1
Project("{FAE04EC0-301F-11D3-BF4B-00C04F79EFBC}") = "Library", "Library\Library.csproj", "{747FAB78-80DE-4776-AF0E-C356D1E64298}"
EndProject
Global
	GlobalSection(SolutionConfigurationPlatforms) = preSolution
		Debug|Any CPU = Debug|Any CPU
		Release|Any CPU = Release|Any CPU
	EndGlobalSection
	GlobalSection(ProjectConfigurationPlatforms) = postSolution
		{747FAB78-80DE-4776-AF0E-C356D1E64298}.Debug|Any CPU.ActiveCfg = Debug|Any CPU
		{747FAB78-80DE-4776-AF0E-C356D1E64298}.Debug|Any CPU.Build.0 = Debug|Any CPU
		{747FAB78-80DE-4776-AF0E-C356D1E64298}.Release|Any CPU.ActiveCfg = Release|Any CPU
		{747FAB78-80DE-4776-AF0E-C356D1E64298}.Release|Any CPU.Build.0 = Release|Any CPU
	EndGlobalSection
	GlobalSection(SolutionProperties) = preSolution
		HideSolutionNode = FALSE
	EndGlobalSection
	GlobalSection(ExtensibilityGlobals) = postSolution
		SolutionGuid = {DD1FA1E9-563D-46A9-83D7-13B24F5CF503}
	EndGlobalSection
EndGlobal
